// !$*UTF8*$!
{
	archiveVersion = 1;
	classes = {
	};
	objectVersion = 50;
	objects = {

/* Begin PBXBuildFile section */
		A51F8E4628B8038800B792DE /* AppDelegate.m in Sources */ = {isa = PBXBuildFile; fileRef = A51F8E4528B8038800B792DE /* AppDelegate.m */; };
		A51F8E4828B8038D00B792DE /* Assets.xcassets in Resources */ = {isa = PBXBuildFile; fileRef = A51F8E4728B8038D00B792DE /* Assets.xcassets */; };
		A51F8E4B28B8038D00B792DE /* MainMenu.xib in Resources */ = {isa = PBXBuildFile; fileRef = A51F8E4928B8038D00B792DE /* MainMenu.xib */; };
		A51F8E4E28B8038D00B792DE /* main.m in Sources */ = {isa = PBXBuildFile; fileRef = A51F8E4D28B8038D00B792DE /* main.m */; };
		A51F8E6A28B81BD800B792DE /* PreferencesWindowController.m in Sources */ = {isa = PBXBuildFile; fileRef = A51F8E6828B81BD800B792DE /* PreferencesWindowController.m */; };
		A51F8E6B28B81BD800B792DE /* PreferencesWindowController.xib in Resources */ = {isa = PBXBuildFile; fileRef = A51F8E6928B81BD800B792DE /* PreferencesWindowController.xib */; };
		A51F8E6F28B91AB400B792DE /* MainWindowController.m in Sources */ = {isa = PBXBuildFile; fileRef = A51F8E6D28B91AB400B792DE /* MainWindowController.m */; };
		A51F8E7028B91AB400B792DE /* MainWindowController.xib in Resources */ = {isa = PBXBuildFile; fileRef = A51F8E6E28B91AB400B792DE /* MainWindowController.xib */; };
		A51F8F3A28BA5EA800B792DE /* FMDB.m in Sources */ = {isa = PBXBuildFile; fileRef = A51F8F2E28BA5EA800B792DE /* FMDB.m */; };
		A51F8F3B28BA5EA800B792DE /* FMDatabaseQueue.m in Sources */ = {isa = PBXBuildFile; fileRef = A51F8F2F28BA5EA800B792DE /* FMDatabaseQueue.m */; };
		A51F8F3C28BA5EA800B792DE /* FMDatabaseAdditions.m in Sources */ = {isa = PBXBuildFile; fileRef = A51F8F3228BA5EA800B792DE /* FMDatabaseAdditions.m */; };
		A51F8F3D28BA5EA800B792DE /* FMDatabase.m in Sources */ = {isa = PBXBuildFile; fileRef = A51F8F3328BA5EA800B792DE /* FMDatabase.m */; };
		A51F8F3E28BA5EA800B792DE /* FMDatabasePool.m in Sources */ = {isa = PBXBuildFile; fileRef = A51F8F3728BA5EA800B792DE /* FMDatabasePool.m */; };
		A51F8F3F28BA5EA800B792DE /* FMResultSet.m in Sources */ = {isa = PBXBuildFile; fileRef = A51F8F3828BA5EA800B792DE /* FMResultSet.m */; };
		A51F8F4028BA5EA800B792DE /* LICENSE.txt in Resources */ = {isa = PBXBuildFile; fileRef = A51F8F3928BA5EA800B792DE /* LICENSE.txt */; };
		A5B14D6D28C8DF2D009DC6BF /* ComponentRating.m in Sources */ = {isa = PBXBuildFile; fileRef = A5B14D6C28C8DF2D009DC6BF /* ComponentRating.m */; };
		A5E94A4C28BE78AC00CE2ADD /* DatabaseController.m in Sources */ = {isa = PBXBuildFile; fileRef = A5E94A4B28BE78AC00CE2ADD /* DatabaseController.m */; };
		A5E94A5028C0150700CE2ADD /* StockIncrementViewController.m in Sources */ = {isa = PBXBuildFile; fileRef = A5E94A4E28C0150700CE2ADD /* StockIncrementViewController.m */; };
		A5E94A5128C0150700CE2ADD /* StockIncrementViewController.xib in Resources */ = {isa = PBXBuildFile; fileRef = A5E94A4F28C0150700CE2ADD /* StockIncrementViewController.xib */; };
		A5E94A5528C0194600CE2ADD /* StockDecrementViewController.m in Sources */ = {isa = PBXBuildFile; fileRef = A5E94A5328C0194600CE2ADD /* StockDecrementViewController.m */; };
		A5E94A5628C0194600CE2ADD /* StockDecrementViewController.xib in Resources */ = {isa = PBXBuildFile; fileRef = A5E94A5428C0194600CE2ADD /* StockDecrementViewController.xib */; };
		A5FE89B628BC49010073E153 /* RegistrationWindowController.m in Sources */ = {isa = PBXBuildFile; fileRef = A5FE89B428BC49010073E153 /* RegistrationWindowController.m */; };
		A5FE89B728BC49010073E153 /* RegistrationWindowController.xib in Resources */ = {isa = PBXBuildFile; fileRef = A5FE89B528BC49010073E153 /* RegistrationWindowController.xib */; };
/* End PBXBuildFile section */

/* Begin PBXFileReference section */
		A51F8E4128B8038800B792DE /* Warehouse.app */ = {isa = PBXFileReference; explicitFileType = wrapper.application; includeInIndex = 0; path = Warehouse.app; sourceTree = BUILT_PRODUCTS_DIR; };
		A51F8E4428B8038800B792DE /* AppDelegate.h */ = {isa = PBXFileReference; lastKnownFileType = sourcecode.c.h; path = AppDelegate.h; sourceTree = "<group>"; };
		A51F8E4528B8038800B792DE /* AppDelegate.m */ = {isa = PBXFileReference; lastKnownFileType = sourcecode.c.objc; path = AppDelegate.m; sourceTree = "<group>"; };
		A51F8E4728B8038D00B792DE /* Assets.xcassets */ = {isa = PBXFileReference; lastKnownFileType = folder.assetcatalog; path = Assets.xcassets; sourceTree = "<group>"; };
		A51F8E4A28B8038D00B792DE /* Base */ = {isa = PBXFileReference; lastKnownFileType = file.xib; name = Base; path = Base.lproj/MainMenu.xib; sourceTree = "<group>"; };
		A51F8E4C28B8038D00B792DE /* Info.plist */ = {isa = PBXFileReference; lastKnownFileType = text.plist.xml; path = Info.plist; sourceTree = "<group>"; };
		A51F8E4D28B8038D00B792DE /* main.m */ = {isa = PBXFileReference; lastKnownFileType = sourcecode.c.objc; path = main.m; sourceTree = "<group>"; };
		A51F8E4F28B8038D00B792DE /* Warehouse.entitlements */ = {isa = PBXFileReference; lastKnownFileType = text.plist.entitlements; path = Warehouse.entitlements; sourceTree = "<group>"; };
		A51F8E6728B81BD800B792DE /* PreferencesWindowController.h */ = {isa = PBXFileReference; lastKnownFileType = sourcecode.c.h; path = PreferencesWindowController.h; sourceTree = "<group>"; };
		A51F8E6828B81BD800B792DE /* PreferencesWindowController.m */ = {isa = PBXFileReference; lastKnownFileType = sourcecode.c.objc; path = PreferencesWindowController.m; sourceTree = "<group>"; };
		A51F8E6928B81BD800B792DE /* PreferencesWindowController.xib */ = {isa = PBXFileReference; lastKnownFileType = file.xib; path = PreferencesWindowController.xib; sourceTree = "<group>"; };
		A51F8E6C28B91AB400B792DE /* MainWindowController.h */ = {isa = PBXFileReference; lastKnownFileType = sourcecode.c.h; path = MainWindowController.h; sourceTree = "<group>"; };
		A51F8E6D28B91AB400B792DE /* MainWindowController.m */ = {isa = PBXFileReference; lastKnownFileType = sourcecode.c.objc; path = MainWindowController.m; sourceTree = "<group>"; };
		A51F8E6E28B91AB400B792DE /* MainWindowController.xib */ = {isa = PBXFileReference; lastKnownFileType = file.xib; path = MainWindowController.xib; sourceTree = "<group>"; };
		A51F8F2D28BA5EA800B792DE /* FMDatabase.h */ = {isa = PBXFileReference; fileEncoding = 4; lastKnownFileType = sourcecode.c.h; path = FMDatabase.h; sourceTree = "<group>"; };
		A51F8F2E28BA5EA800B792DE /* FMDB.m */ = {isa = PBXFileReference; fileEncoding = 4; lastKnownFileType = sourcecode.c.objc; path = FMDB.m; sourceTree = "<group>"; };
		A51F8F2F28BA5EA800B792DE /* FMDatabaseQueue.m */ = {isa = PBXFileReference; fileEncoding = 4; lastKnownFileType = sourcecode.c.objc; path = FMDatabaseQueue.m; sourceTree = "<group>"; };
		A51F8F3028BA5EA800B792DE /* FMResultSet.h */ = {isa = PBXFileReference; fileEncoding = 4; lastKnownFileType = sourcecode.c.h; path = FMResultSet.h; sourceTree = "<group>"; };
		A51F8F3128BA5EA800B792DE /* FMDatabasePool.h */ = {isa = PBXFileReference; fileEncoding = 4; lastKnownFileType = sourcecode.c.h; path = FMDatabasePool.h; sourceTree = "<group>"; };
		A51F8F3228BA5EA800B792DE /* FMDatabaseAdditions.m */ = {isa = PBXFileReference; fileEncoding = 4; lastKnownFileType = sourcecode.c.objc; path = FMDatabaseAdditions.m; sourceTree = "<group>"; };
		A51F8F3328BA5EA800B792DE /* FMDatabase.m */ = {isa = PBXFileReference; fileEncoding = 4; lastKnownFileType = sourcecode.c.objc; path = FMDatabase.m; sourceTree = "<group>"; };
		A51F8F3428BA5EA800B792DE /* FMDatabaseQueue.h */ = {isa = PBXFileReference; fileEncoding = 4; lastKnownFileType = sourcecode.c.h; path = FMDatabaseQueue.h; sourceTree = "<group>"; };
		A51F8F3528BA5EA800B792DE /* FMDB.h */ = {isa = PBXFileReference; fileEncoding = 4; lastKnownFileType = sourcecode.c.h; path = FMDB.h; sourceTree = "<group>"; };
		A51F8F3628BA5EA800B792DE /* FMDatabaseAdditions.h */ = {isa = PBXFileReference; fileEncoding = 4; lastKnownFileType = sourcecode.c.h; path = FMDatabaseAdditions.h; sourceTree = "<group>"; };
		A51F8F3728BA5EA800B792DE /* FMDatabasePool.m */ = {isa = PBXFileReference; fileEncoding = 4; lastKnownFileType = sourcecode.c.objc; path = FMDatabasePool.m; sourceTree = "<group>"; };
		A51F8F3828BA5EA800B792DE /* FMResultSet.m */ = {isa = PBXFileReference; fileEncoding = 4; lastKnownFileType = sourcecode.c.objc; path = FMResultSet.m; sourceTree = "<group>"; };
		A51F8F3928BA5EA800B792DE /* LICENSE.txt */ = {isa = PBXFileReference; fileEncoding = 4; lastKnownFileType = text; path = LICENSE.txt; sourceTree = "<group>"; };
		A5B14D6B28C8DF2D009DC6BF /* ComponentRating.h */ = {isa = PBXFileReference; lastKnownFileType = sourcecode.c.h; path = ComponentRating.h; sourceTree = "<group>"; };
		A5B14D6C28C8DF2D009DC6BF /* ComponentRating.m */ = {isa = PBXFileReference; lastKnownFileType = sourcecode.c.objc; path = ComponentRating.m; sourceTree = "<group>"; };
		A5E94A4A28BE78AC00CE2ADD /* DatabaseController.h */ = {isa = PBXFileReference; lastKnownFileType = sourcecode.c.h; path = DatabaseController.h; sourceTree = "<group>"; };
		A5E94A4B28BE78AC00CE2ADD /* DatabaseController.m */ = {isa = PBXFileReference; lastKnownFileType = sourcecode.c.objc; path = DatabaseController.m; sourceTree = "<group>"; };
		A5E94A4D28C0150700CE2ADD /* StockIncrementViewController.h */ = {isa = PBXFileReference; lastKnownFileType = sourcecode.c.h; path = StockIncrementViewController.h; sourceTree = "<group>"; };
		A5E94A4E28C0150700CE2ADD /* StockIncrementViewController.m */ = {isa = PBXFileReference; lastKnownFileType = sourcecode.c.objc; path = StockIncrementViewController.m; sourceTree = "<group>"; };
		A5E94A4F28C0150700CE2ADD /* StockIncrementViewController.xib */ = {isa = PBXFileReference; lastKnownFileType = file.xib; path = StockIncrementViewController.xib; sourceTree = "<group>"; };
		A5E94A5228C0194600CE2ADD /* StockDecrementViewController.h */ = {isa = PBXFileReference; lastKnownFileType = sourcecode.c.h; path = StockDecrementViewController.h; sourceTree = "<group>"; };
		A5E94A5328C0194600CE2ADD /* StockDecrementViewController.m */ = {isa = PBXFileReference; lastKnownFileType = sourcecode.c.objc; path = StockDecrementViewController.m; sourceTree = "<group>"; };
		A5E94A5428C0194600CE2ADD /* StockDecrementViewController.xib */ = {isa = PBXFileReference; lastKnownFileType = file.xib; path = StockDecrementViewController.xib; sourceTree = "<group>"; };
		A5FE89B328BC49010073E153 /* RegistrationWindowController.h */ = {isa = PBXFileReference; lastKnownFileType = sourcecode.c.h; path = RegistrationWindowController.h; sourceTree = "<group>"; };
		A5FE89B428BC49010073E153 /* RegistrationWindowController.m */ = {isa = PBXFileReference; lastKnownFileType = sourcecode.c.objc; path = RegistrationWindowController.m; sourceTree = "<group>"; };
		A5FE89B528BC49010073E153 /* RegistrationWindowController.xib */ = {isa = PBXFileReference; lastKnownFileType = file.xib; path = RegistrationWindowController.xib; sourceTree = "<group>"; };
/* End PBXFileReference section */

/* Begin PBXFrameworksBuildPhase section */
		A51F8E3E28B8038800B792DE /* Frameworks */ = {
			isa = PBXFrameworksBuildPhase;
			buildActionMask = 2147483647;
			files = (
			);
			runOnlyForDeploymentPostprocessing = 0;
		};
/* End PBXFrameworksBuildPhase section */

/* Begin PBXGroup section */
		A51F8E3828B8038800B792DE = {
			isa = PBXGroup;
			children = (
				A51F8E4328B8038800B792DE /* Warehouse */,
				A51F8F2C28BA5EA800B792DE /* FMDB */,
				A51F8E4228B8038800B792DE /* Products */,
			);
			sourceTree = "<group>";
		};
		A51F8E4228B8038800B792DE /* Products */ = {
			isa = PBXGroup;
			children = (
				A51F8E4128B8038800B792DE /* Warehouse.app */,
			);
			name = Products;
			sourceTree = "<group>";
		};
		A51F8E4328B8038800B792DE /* Warehouse */ = {
			isa = PBXGroup;
			children = (
				A51F8E4D28B8038D00B792DE /* main.m */,
				A51F8E4428B8038800B792DE /* AppDelegate.h */,
				A51F8E4528B8038800B792DE /* AppDelegate.m */,
				A5E94A4A28BE78AC00CE2ADD /* DatabaseController.h */,
				A5E94A4B28BE78AC00CE2ADD /* DatabaseController.m */,
				A5B14D6B28C8DF2D009DC6BF /* ComponentRating.h */,
				A5B14D6C28C8DF2D009DC6BF /* ComponentRating.m */,
				A51F8ED528BA550000B792DE /* User Interface */,
				A51F8ED928BA577600B792DE /* Supporting Files */,
			);
			path = Warehouse;
			sourceTree = "<group>";
		};
		A51F8ED528BA550000B792DE /* User Interface */ = {
			isa = PBXGroup;
			children = (
				A51F8E4928B8038D00B792DE /* MainMenu.xib */,
				A51F8E6C28B91AB400B792DE /* MainWindowController.h */,
				A51F8E6D28B91AB400B792DE /* MainWindowController.m */,
				A51F8E6E28B91AB400B792DE /* MainWindowController.xib */,
				A5E94A4D28C0150700CE2ADD /* StockIncrementViewController.h */,
				A5E94A4E28C0150700CE2ADD /* StockIncrementViewController.m */,
				A5E94A4F28C0150700CE2ADD /* StockIncrementViewController.xib */,
				A5E94A5228C0194600CE2ADD /* StockDecrementViewController.h */,
				A5E94A5328C0194600CE2ADD /* StockDecrementViewController.m */,
				A5E94A5428C0194600CE2ADD /* StockDecrementViewController.xib */,
				A5FE89B328BC49010073E153 /* RegistrationWindowController.h */,
				A5FE89B428BC49010073E153 /* RegistrationWindowController.m */,
				A5FE89B528BC49010073E153 /* RegistrationWindowController.xib */,
				A51F8E6728B81BD800B792DE /* PreferencesWindowController.h */,
				A51F8E6828B81BD800B792DE /* PreferencesWindowController.m */,
				A51F8E6928B81BD800B792DE /* PreferencesWindowController.xib */,
			);
			name = "User Interface";
			sourceTree = "<group>";
		};
		A51F8ED928BA577600B792DE /* Supporting Files */ = {
			isa = PBXGroup;
			children = (
				A51F8E4C28B8038D00B792DE /* Info.plist */,
				A51F8E4F28B8038D00B792DE /* Warehouse.entitlements */,
				A51F8E4728B8038D00B792DE /* Assets.xcassets */,
			);
			name = "Supporting Files";
			sourceTree = "<group>";
		};
		A51F8F2C28BA5EA800B792DE /* FMDB */ = {
			isa = PBXGroup;
			children = (
				A51F8F3528BA5EA800B792DE /* FMDB.h */,
				A51F8F2E28BA5EA800B792DE /* FMDB.m */,
				A51F8F2D28BA5EA800B792DE /* FMDatabase.h */,
				A51F8F3328BA5EA800B792DE /* FMDatabase.m */,
				A51F8F3428BA5EA800B792DE /* FMDatabaseQueue.h */,
				A51F8F2F28BA5EA800B792DE /* FMDatabaseQueue.m */,
				A51F8F3028BA5EA800B792DE /* FMResultSet.h */,
				A51F8F3828BA5EA800B792DE /* FMResultSet.m */,
				A51F8F3128BA5EA800B792DE /* FMDatabasePool.h */,
				A51F8F3728BA5EA800B792DE /* FMDatabasePool.m */,
				A51F8F3628BA5EA800B792DE /* FMDatabaseAdditions.h */,
				A51F8F3228BA5EA800B792DE /* FMDatabaseAdditions.m */,
				A51F8F3928BA5EA800B792DE /* LICENSE.txt */,
			);
			path = FMDB;
			sourceTree = "<group>";
		};
/* End PBXGroup section */

/* Begin PBXNativeTarget section */
		A51F8E4028B8038800B792DE /* Warehouse */ = {
			isa = PBXNativeTarget;
			buildConfigurationList = A51F8E5228B8038D00B792DE /* Build configuration list for PBXNativeTarget "Warehouse" */;
			buildPhases = (
				A51F8E3D28B8038800B792DE /* Sources */,
				A51F8E3E28B8038800B792DE /* Frameworks */,
				A51F8E3F28B8038800B792DE /* Resources */,
			);
			buildRules = (
			);
			dependencies = (
			);
			name = Warehouse;
			productName = Warehouse;
			productReference = A51F8E4128B8038800B792DE /* Warehouse.app */;
			productType = "com.apple.product-type.application";
		};
/* End PBXNativeTarget section */

/* Begin PBXProject section */
		A51F8E3928B8038800B792DE /* Project object */ = {
			isa = PBXProject;
			attributes = {
				CLASSPREFIX = "";
				LastUpgradeCheck = 1130;
				ORGANIZATIONNAME = "Douglas Almeida";
				TargetAttributes = {
					A51F8E4028B8038800B792DE = {
						CreatedOnToolsVersion = 11.3.1;
					};
				};
			};
			buildConfigurationList = A51F8E3C28B8038800B792DE /* Build configuration list for PBXProject "Warehouse" */;
			compatibilityVersion = "Xcode 9.3";
			developmentRegion = en;
			hasScannedForEncodings = 0;
			knownRegions = (
				en,
				Base,
			);
			mainGroup = A51F8E3828B8038800B792DE;
			productRefGroup = A51F8E4228B8038800B792DE /* Products */;
			projectDirPath = "";
			projectRoot = "";
			targets = (
				A51F8E4028B8038800B792DE /* Warehouse */,
			);
		};
/* End PBXProject section */

/* Begin PBXResourcesBuildPhase section */
		A51F8E3F28B8038800B792DE /* Resources */ = {
			isa = PBXResourcesBuildPhase;
			buildActionMask = 2147483647;
			files = (
				A51F8E6B28B81BD800B792DE /* PreferencesWindowController.xib in Resources */,
				A51F8E7028B91AB400B792DE /* MainWindowController.xib in Resources */,
				A51F8E4828B8038D00B792DE /* Assets.xcassets in Resources */,
				A5E94A5128C0150700CE2ADD /* StockIncrementViewController.xib in Resources */,
				A5E94A5628C0194600CE2ADD /* StockDecrementViewController.xib in Resources */,
				A51F8F4028BA5EA800B792DE /* LICENSE.txt in Resources */,
				A51F8E4B28B8038D00B792DE /* MainMenu.xib in Resources */,
				A5FE89B728BC49010073E153 /* RegistrationWindowController.xib in Resources */,
			);
			runOnlyForDeploymentPostprocessing = 0;
		};
/* End PBXResourcesBuildPhase section */

/* Begin PBXSourcesBuildPhase section */
		A51F8E3D28B8038800B792DE /* Sources */ = {
			isa = PBXSourcesBuildPhase;
			buildActionMask = 2147483647;
			files = (
				A5E94A5528C0194600CE2ADD /* StockDecrementViewController.m in Sources */,
				A5FE89B628BC49010073E153 /* RegistrationWindowController.m in Sources */,
				A51F8F3A28BA5EA800B792DE /* FMDB.m in Sources */,
				A51F8E4E28B8038D00B792DE /* main.m in Sources */,
				A5B14D6D28C8DF2D009DC6BF /* ComponentRating.m in Sources */,
				A51F8E4628B8038800B792DE /* AppDelegate.m in Sources */,
				A51F8E6A28B81BD800B792DE /* PreferencesWindowController.m in Sources */,
				A51F8F3F28BA5EA800B792DE /* FMResultSet.m in Sources */,
				A51F8F3E28BA5EA800B792DE /* FMDatabasePool.m in Sources */,
				A51F8E6F28B91AB400B792DE /* MainWindowController.m in Sources */,
				A51F8F3C28BA5EA800B792DE /* FMDatabaseAdditions.m in Sources */,
				A5E94A4C28BE78AC00CE2ADD /* DatabaseController.m in Sources */,
				A51F8F3B28BA5EA800B792DE /* FMDatabaseQueue.m in Sources */,
				A5E94A5028C0150700CE2ADD /* StockIncrementViewController.m in Sources */,
				A51F8F3D28BA5EA800B792DE /* FMDatabase.m in Sources */,
			);
			runOnlyForDeploymentPostprocessing = 0;
		};
/* End PBXSourcesBuildPhase section */

/* Begin PBXVariantGroup section */
		A51F8E4928B8038D00B792DE /* MainMenu.xib */ = {
			isa = PBXVariantGroup;
			children = (
				A51F8E4A28B8038D00B792DE /* Base */,
			);
			name = MainMenu.xib;
			sourceTree = "<group>";
		};
/* End PBXVariantGroup section */

/* Begin XCBuildConfiguration section */
		A51F8E5028B8038D00B792DE /* Debug */ = {
			isa = XCBuildConfiguration;
			buildSettings = {
				ALWAYS_SEARCH_USER_PATHS = NO;
				CLANG_ANALYZER_NONNULL = YES;
				CLANG_ANALYZER_NUMBER_OBJECT_CONVERSION = YES_AGGRESSIVE;
				CLANG_CXX_LANGUAGE_STANDARD = "gnu++14";
				CLANG_CXX_LIBRARY = "libc++";
				CLANG_ENABLE_MODULES = YES;
				CLANG_ENABLE_OBJC_ARC = YES;
				CLANG_ENABLE_OBJC_WEAK = YES;
				CLANG_WARN_BLOCK_CAPTURE_AUTORELEASING = YES;
				CLANG_WARN_BOOL_CONVERSION = YES;
				CLANG_WARN_COMMA = YES;
				CLANG_WARN_CONSTANT_CONVERSION = YES;
				CLANG_WARN_DEPRECATED_OBJC_IMPLEMENTATIONS = YES;
				CLANG_WARN_DIRECT_OBJC_ISA_USAGE = YES_ERROR;
				CLANG_WARN_DOCUMENTATION_COMMENTS = YES;
				CLANG_WARN_EMPTY_BODY = YES;
				CLANG_WARN_ENUM_CONVERSION = YES;
				CLANG_WARN_INFINITE_RECURSION = YES;
				CLANG_WARN_INT_CONVERSION = YES;
				CLANG_WARN_NON_LITERAL_NULL_CONVERSION = YES;
				CLANG_WARN_OBJC_IMPLICIT_RETAIN_SELF = YES;
				CLANG_WARN_OBJC_LITERAL_CONVERSION = YES;
				CLANG_WARN_OBJC_ROOT_CLASS = YES_ERROR;
				CLANG_WARN_RANGE_LOOP_ANALYSIS = YES;
				CLANG_WARN_STRICT_PROTOTYPES = YES;
				CLANG_WARN_SUSPICIOUS_MOVE = YES;
				CLANG_WARN_UNGUARDED_AVAILABILITY = YES_AGGRESSIVE;
				CLANG_WARN_UNREACHABLE_CODE = YES;
				CLANG_WARN__DUPLICATE_METHOD_MATCH = YES;
				COPY_PHASE_STRIP = NO;
				DEBUG_INFORMATION_FORMAT = dwarf;
				ENABLE_STRICT_OBJC_MSGSEND = YES;
				ENABLE_TESTABILITY = YES;
				GCC_C_LANGUAGE_STANDARD = gnu11;
				GCC_DYNAMIC_NO_PIC = NO;
				GCC_NO_COMMON_BLOCKS = YES;
				GCC_OPTIMIZATION_LEVEL = 0;
				GCC_PREPROCESSOR_DEFINITIONS = (
					"DEBUG=1",
					"$(inherited)",
				);
				GCC_WARN_64_TO_32_BIT_CONVERSION = YES;
				GCC_WARN_ABOUT_RETURN_TYPE = YES_ERROR;
				GCC_WARN_UNDECLARED_SELECTOR = YES;
				GCC_WARN_UNINITIALIZED_AUTOS = YES_AGGRESSIVE;
				GCC_WARN_UNUSED_FUNCTION = YES;
				GCC_WARN_UNUSED_VARIABLE = YES;
				MACOSX_DEPLOYMENT_TARGET = 10.14;
				MTL_ENABLE_DEBUG_INFO = INCLUDE_SOURCE;
				MTL_FAST_MATH = YES;
				ONLY_ACTIVE_ARCH = YES;
				SDKROOT = macosx;
			};
			name = Debug;
		};
		A51F8E5128B8038D00B792DE /* Release */ = {
			isa = XCBuildConfiguration;
			buildSettings = {
				ALWAYS_SEARCH_USER_PATHS = NO;
				CLANG_ANALYZER_NONNULL = YES;
				CLANG_ANALYZER_NUMBER_OBJECT_CONVERSION = YES_AGGRESSIVE;
				CLANG_CXX_LANGUAGE_STANDARD = "gnu++14";
				CLANG_CXX_LIBRARY = "libc++";
				CLANG_ENABLE_MODULES = YES;
				CLANG_ENABLE_OBJC_ARC = YES;
				CLANG_ENABLE_OBJC_WEAK = YES;
				CLANG_WARN_BLOCK_CAPTURE_AUTORELEASING = YES;
				CLANG_WARN_BOOL_CONVERSION = YES;
				CLANG_WARN_COMMA = YES;
				CLANG_WARN_CONSTANT_CONVERSION = YES;
				CLANG_WARN_DEPRECATED_OBJC_IMPLEMENTATIONS = YES;
				CLANG_WARN_DIRECT_OBJC_ISA_USAGE = YES_ERROR;
				CLANG_WARN_DOCUMENTATION_COMMENTS = YES;
				CLANG_WARN_EMPTY_BODY = YES;
				CLANG_WARN_ENUM_CONVERSION = YES;
				CLANG_WARN_INFINITE_RECURSION = YES;
				CLANG_WARN_INT_CONVERSION = YES;
				CLANG_WARN_NON_LITERAL_NULL_CONVERSION = YES;
				CLANG_WARN_OBJC_IMPLICIT_RETAIN_SELF = YES;
				CLANG_WARN_OBJC_LITERAL_CONVERSION = YES;
				CLANG_WARN_OBJC_ROOT_CLASS = YES_ERROR;
				CLANG_WARN_RANGE_LOOP_ANALYSIS = YES;
				CLANG_WARN_STRICT_PROTOTYPES = YES;
				CLANG_WARN_SUSPICIOUS_MOVE = YES;
				CLANG_WARN_UNGUARDED_AVAILABILITY = YES_AGGRESSIVE;
				CLANG_WARN_UNREACHABLE_CODE = YES;
				CLANG_WARN__DUPLICATE_METHOD_MATCH = YES;
				COPY_PHASE_STRIP = NO;
				DEBUG_INFORMATION_FORMAT = "dwarf-with-dsym";
				ENABLE_NS_ASSERTIONS = NO;
				ENABLE_STRICT_OBJC_MSGSEND = YES;
				GCC_C_LANGUAGE_STANDARD = gnu11;
				GCC_NO_COMMON_BLOCKS = YES;
				GCC_WARN_64_TO_32_BIT_CONVERSION = YES;
				GCC_WARN_ABOUT_RETURN_TYPE = YES_ERROR;
				GCC_WARN_UNDECLARED_SELECTOR = YES;
				GCC_WARN_UNINITIALIZED_AUTOS = YES_AGGRESSIVE;
				GCC_WARN_UNUSED_FUNCTION = YES;
				GCC_WARN_UNUSED_VARIABLE = YES;
				MACOSX_DEPLOYMENT_TARGET = 10.14;
				MTL_ENABLE_DEBUG_INFO = NO;
				MTL_FAST_MATH = YES;
				SDKROOT = macosx;
			};
			name = Release;
		};
		A51F8E5328B8038D00B792DE /* Debug */ = {
			isa = XCBuildConfiguration;
			buildSettings = {
				ASSETCATALOG_COMPILER_APPICON_NAME = AppIcon;
				CODE_SIGN_ENTITLEMENTS = Warehouse/Warehouse.entitlements;
				CODE_SIGN_STYLE = Automatic;
				COMBINE_HIDPI_IMAGES = YES;
				INFOPLIST_FILE = Warehouse/Info.plist;
				LD_RUNPATH_SEARCH_PATHS = (
					"$(inherited)",
					"@executable_path/../Frameworks",
				);
				PRODUCT_BUNDLE_IDENTIFIER = org.solstice.Warehouse;
				PRODUCT_NAME = "$(TARGET_NAME)";
			};
			name = Debug;
		};
		A51F8E5428B8038D00B792DE /* Release */ = {
			isa = XCBuildConfiguration;
			buildSettings = {
				ASSETCATALOG_COMPILER_APPICON_NAME = AppIcon;
				CODE_SIGN_ENTITLEMENTS = Warehouse/Warehouse.entitlements;
				CODE_SIGN_STYLE = Automatic;
				COMBINE_HIDPI_IMAGES = YES;
				INFOPLIST_FILE = Warehouse/Info.plist;
				LD_RUNPATH_SEARCH_PATHS = (
					"$(inherited)",
					"@executable_path/../Frameworks",
				);
				PRODUCT_BUNDLE_IDENTIFIER = org.solstice.Warehouse;
				PRODUCT_NAME = "$(TARGET_NAME)";
			};
			name = Release;
		};
/* End XCBuildConfiguration section */

/* Begin XCConfigurationList section */
		A51F8E3C28B8038800B792DE /* Build configuration list for PBXProject "Warehouse" */ = {
			isa = XCConfigurationList;
			buildConfigurations = (
				A51F8E5028B8038D00B792DE /* Debug */,
				A51F8E5128B8038D00B792DE /* Release */,
			);
			defaultConfigurationIsVisible = 0;
			defaultConfigurationName = Release;
		};
		A51F8E5228B8038D00B792DE /* Build configuration list for PBXNativeTarget "Warehouse" */ = {
			isa = XCConfigurationList;
			buildConfigurations = (
				A51F8E5328B8038D00B792DE /* Debug */,
				A51F8E5428B8038D00B792DE /* Release */,
			);
			defaultConfigurationIsVisible = 0;
			defaultConfigurationName = Release;
		};
/* End XCConfigurationList section */
	};
	rootObject = A51F8E3928B8038800B792DE /* Project object */;
}
